
Microsoft Visual Studio Solution File, Format Version 12.00
# Visual Studio Version 16
VisualStudioVersion = 16.0.29806.167
MinimumVisualStudioVersion = 10.0.40219.1
Project("{FAE04EC0-301F-11D3-BF4B-00C04F79EFBC}") = "Kalkulator", "Kalkulator.csproj", "{49E81102-628E-4818-AE1F-A9B64FA9E7BE}"
EndProject
Global
	GlobalSection(SolutionConfigurationPlatforms) = preSolution
		Debug|Any CPU = Debug|Any CPU
		Release|Any CPU = Release|Any CPU
	EndGlobalSection
	GlobalSection(ProjectConfigurationPlatforms) = postSolution
		{49E81102-628E-4818-AE1F-A9B64FA9E7BE}.Debug|Any CPU.ActiveCfg = Debug|Any CPU
		{49E81102-628E-4818-AE1F-A9B64FA9E7BE}.Debug|Any CPU.Build.0 = Debug|Any CPU
		{49E81102-628E-4818-AE1F-A9B64FA9E7BE}.Release|Any CPU.ActiveCfg = Release|Any CPU
		{49E81102-628E-4818-AE1F-A9B64FA9E7BE}.Release|Any CPU.Build.0 = Release|Any CPU
	EndGlobalSection
	GlobalSection(SolutionProperties) = preSolution
		HideSolutionNode = FALSE
	EndGlobalSection
	GlobalSection(ExtensibilityGlobals) = postSolution
		SolutionGuid = {E54CE99E-6119-4B46-832D-34A725B736FA}
	EndGlobalSection
EndGlobal
